
Microsoft Visual Studio Solution File, Format Version 12.00
# Visual Studio Version 16
VisualStudioVersion = 16.0.31005.135
MinimumVisualStudioVersion = 10.0.40219.1
Project("{FAE04EC0-301F-11D3-BF4B-00C04F79EFBC}") = "Script04", "Script04\Script04.csproj", "{AB5EB0B4-24FB-49D5-A09A-906BF017ACD8}"
EndProject
Global
	GlobalSection(SolutionConfigurationPlatforms) = preSolution
		Debug|Any CPU = Debug|Any CPU
		Release|Any CPU = Release|Any CPU
	EndGlobalSection
	GlobalSection(ProjectConfigurationPlatforms) = postSolution
		{AB5EB0B4-24FB-49D5-A09A-906BF017ACD8}.Debug|Any CPU.ActiveCfg = Debug|Any CPU
		{AB5EB0B4-24FB-49D5-A09A-906BF017ACD8}.Debug|Any CPU.Build.0 = Debug|Any CPU
		{AB5EB0B4-24FB-49D5-A09A-906BF017ACD8}.Release|Any CPU.ActiveCfg = Release|Any CPU
		{AB5EB0B4-24FB-49D5-A09A-906BF017ACD8}.Release|Any CPU.Build.0 = Release|Any CPU
	EndGlobalSection
	GlobalSection(SolutionProperties) = preSolution
		HideSolutionNode = FALSE
	EndGlobalSection
	GlobalSection(ExtensibilityGlobals) = postSolution
		SolutionGuid = {551F1A14-91EC-4C3B-B87B-9CBA1C85A2B2}
	EndGlobalSection
EndGlobal
