
Microsoft Visual Studio Solution File, Format Version 12.00
# Visual Studio Version 16
VisualStudioVersion = 16.0.31005.135
MinimumVisualStudioVersion = 10.0.40219.1
Project("{FAE04EC0-301F-11D3-BF4B-00C04F79EFBC}") = "Script13_Classe", "Script13_Classe\Script13_Classe.csproj", "{B95EC574-5132-41DA-8529-7A228C6D6A68}"
EndProject
Global
	GlobalSection(SolutionConfigurationPlatforms) = preSolution
		Debug|Any CPU = Debug|Any CPU
		Release|Any CPU = Release|Any CPU
	EndGlobalSection
	GlobalSection(ProjectConfigurationPlatforms) = postSolution
		{B95EC574-5132-41DA-8529-7A228C6D6A68}.Debug|Any CPU.ActiveCfg = Debug|Any CPU
		{B95EC574-5132-41DA-8529-7A228C6D6A68}.Debug|Any CPU.Build.0 = Debug|Any CPU
		{B95EC574-5132-41DA-8529-7A228C6D6A68}.Release|Any CPU.ActiveCfg = Release|Any CPU
		{B95EC574-5132-41DA-8529-7A228C6D6A68}.Release|Any CPU.Build.0 = Release|Any CPU
	EndGlobalSection
	GlobalSection(SolutionProperties) = preSolution
		HideSolutionNode = FALSE
	EndGlobalSection
	GlobalSection(ExtensibilityGlobals) = postSolution
		SolutionGuid = {7FE250AD-8D08-4D9F-A9BD-85478B55351D}
	EndGlobalSection
EndGlobal
