
Microsoft Visual Studio Solution File, Format Version 12.00
# Visual Studio Version 16
VisualStudioVersion = 16.0.31005.135
MinimumVisualStudioVersion = 10.0.40219.1
Project("{FAE04EC0-301F-11D3-BF4B-00C04F79EFBC}") = "Script09_Matemática", "Script09_Matemática\Script09_Matemática.csproj", "{11F2924D-A808-4623-8705-385CADEACBF9}"
EndProject
Global
	GlobalSection(SolutionConfigurationPlatforms) = preSolution
		Debug|Any CPU = Debug|Any CPU
		Release|Any CPU = Release|Any CPU
	EndGlobalSection
	GlobalSection(ProjectConfigurationPlatforms) = postSolution
		{11F2924D-A808-4623-8705-385CADEACBF9}.Debug|Any CPU.ActiveCfg = Debug|Any CPU
		{11F2924D-A808-4623-8705-385CADEACBF9}.Debug|Any CPU.Build.0 = Debug|Any CPU
		{11F2924D-A808-4623-8705-385CADEACBF9}.Release|Any CPU.ActiveCfg = Release|Any CPU
		{11F2924D-A808-4623-8705-385CADEACBF9}.Release|Any CPU.Build.0 = Release|Any CPU
	EndGlobalSection
	GlobalSection(SolutionProperties) = preSolution
		HideSolutionNode = FALSE
	EndGlobalSection
	GlobalSection(ExtensibilityGlobals) = postSolution
		SolutionGuid = {FB547C67-CE84-4400-99C0-491773CE64E0}
	EndGlobalSection
EndGlobal
