
Microsoft Visual Studio Solution File, Format Version 12.00
# Visual Studio Version 16
VisualStudioVersion = 16.0.31005.135
MinimumVisualStudioVersion = 10.0.40219.1
Project("{FAE04EC0-301F-11D3-BF4B-00C04F79EFBC}") = "Script50_Episodio(162)", "Script50_Episodio(162)\Script50_Episodio(162).csproj", "{58FA3109-FC8D-4D52-913B-BA7E194AE49D}"
EndProject
Global
	GlobalSection(SolutionConfigurationPlatforms) = preSolution
		Debug|Any CPU = Debug|Any CPU
		Release|Any CPU = Release|Any CPU
	EndGlobalSection
	GlobalSection(ProjectConfigurationPlatforms) = postSolution
		{58FA3109-FC8D-4D52-913B-BA7E194AE49D}.Debug|Any CPU.ActiveCfg = Debug|Any CPU
		{58FA3109-FC8D-4D52-913B-BA7E194AE49D}.Debug|Any CPU.Build.0 = Debug|Any CPU
		{58FA3109-FC8D-4D52-913B-BA7E194AE49D}.Release|Any CPU.ActiveCfg = Release|Any CPU
		{58FA3109-FC8D-4D52-913B-BA7E194AE49D}.Release|Any CPU.Build.0 = Release|Any CPU
	EndGlobalSection
	GlobalSection(SolutionProperties) = preSolution
		HideSolutionNode = FALSE
	EndGlobalSection
	GlobalSection(ExtensibilityGlobals) = postSolution
		SolutionGuid = {1D0852A6-DCAD-4D5E-B9CF-5011AC9A5123}
	EndGlobalSection
EndGlobal
