
Microsoft Visual Studio Solution File, Format Version 12.00
# Visual Studio Version 16
VisualStudioVersion = 16.0.31005.135
MinimumVisualStudioVersion = 10.0.40219.1
Project("{FAE04EC0-301F-11D3-BF4B-00C04F79EFBC}") = "Script17_Campos", "Script17_Campos\Script17_Campos.csproj", "{E0D65268-574E-436B-8DFD-E04143703F18}"
EndProject
Global
	GlobalSection(SolutionConfigurationPlatforms) = preSolution
		Debug|Any CPU = Debug|Any CPU
		Release|Any CPU = Release|Any CPU
	EndGlobalSection
	GlobalSection(ProjectConfigurationPlatforms) = postSolution
		{E0D65268-574E-436B-8DFD-E04143703F18}.Debug|Any CPU.ActiveCfg = Debug|Any CPU
		{E0D65268-574E-436B-8DFD-E04143703F18}.Debug|Any CPU.Build.0 = Debug|Any CPU
		{E0D65268-574E-436B-8DFD-E04143703F18}.Release|Any CPU.ActiveCfg = Release|Any CPU
		{E0D65268-574E-436B-8DFD-E04143703F18}.Release|Any CPU.Build.0 = Release|Any CPU
	EndGlobalSection
	GlobalSection(SolutionProperties) = preSolution
		HideSolutionNode = FALSE
	EndGlobalSection
	GlobalSection(ExtensibilityGlobals) = postSolution
		SolutionGuid = {660D0DEA-A0F6-464C-A6E9-D51200C09A4A}
	EndGlobalSection
EndGlobal
