
Microsoft Visual Studio Solution File, Format Version 12.00
# Visual Studio Version 16
VisualStudioVersion = 16.0.31005.135
MinimumVisualStudioVersion = 10.0.40219.1
Project("{FAE04EC0-301F-11D3-BF4B-00C04F79EFBC}") = "Script41_Episodio(78)", "Script41_Episodio(78)\Script41_Episodio(78).csproj", "{EBA15AB0-7206-42AB-9131-FED426998D39}"
EndProject
Global
	GlobalSection(SolutionConfigurationPlatforms) = preSolution
		Debug|Any CPU = Debug|Any CPU
		Release|Any CPU = Release|Any CPU
	EndGlobalSection
	GlobalSection(ProjectConfigurationPlatforms) = postSolution
		{EBA15AB0-7206-42AB-9131-FED426998D39}.Debug|Any CPU.ActiveCfg = Debug|Any CPU
		{EBA15AB0-7206-42AB-9131-FED426998D39}.Debug|Any CPU.Build.0 = Debug|Any CPU
		{EBA15AB0-7206-42AB-9131-FED426998D39}.Release|Any CPU.ActiveCfg = Release|Any CPU
		{EBA15AB0-7206-42AB-9131-FED426998D39}.Release|Any CPU.Build.0 = Release|Any CPU
	EndGlobalSection
	GlobalSection(SolutionProperties) = preSolution
		HideSolutionNode = FALSE
	EndGlobalSection
	GlobalSection(ExtensibilityGlobals) = postSolution
		SolutionGuid = {7BDCBDAD-6A1D-4B99-8079-229DDED2EAD4}
	EndGlobalSection
EndGlobal
