
Microsoft Visual Studio Solution File, Format Version 12.00
# Visual Studio Version 16
VisualStudioVersion = 16.0.31005.135
MinimumVisualStudioVersion = 10.0.40219.1
Project("{FAE04EC0-301F-11D3-BF4B-00C04F79EFBC}") = "Script45_Episódio(116)", "Script45_Episódio(116)\Script45_Episódio(116).csproj", "{1D98DC22-B748-465C-BB98-ED64EF5BD649}"
EndProject
Global
	GlobalSection(SolutionConfigurationPlatforms) = preSolution
		Debug|Any CPU = Debug|Any CPU
		Release|Any CPU = Release|Any CPU
	EndGlobalSection
	GlobalSection(ProjectConfigurationPlatforms) = postSolution
		{1D98DC22-B748-465C-BB98-ED64EF5BD649}.Debug|Any CPU.ActiveCfg = Debug|Any CPU
		{1D98DC22-B748-465C-BB98-ED64EF5BD649}.Debug|Any CPU.Build.0 = Debug|Any CPU
		{1D98DC22-B748-465C-BB98-ED64EF5BD649}.Release|Any CPU.ActiveCfg = Release|Any CPU
		{1D98DC22-B748-465C-BB98-ED64EF5BD649}.Release|Any CPU.Build.0 = Release|Any CPU
	EndGlobalSection
	GlobalSection(SolutionProperties) = preSolution
		HideSolutionNode = FALSE
	EndGlobalSection
	GlobalSection(ExtensibilityGlobals) = postSolution
		SolutionGuid = {FAE8B78F-940F-4982-BD88-A93E1C06ACF6}
	EndGlobalSection
EndGlobal
