
Microsoft Visual Studio Solution File, Format Version 12.00
# Visual Studio Version 16
VisualStudioVersion = 16.0.31005.135
MinimumVisualStudioVersion = 10.0.40219.1
Project("{FAE04EC0-301F-11D3-BF4B-00C04F79EFBC}") = "Meu Progresso", "Meu Progresso\Meu Progresso.csproj", "{29629511-B5B9-4B42-A319-FC3CF5A7793E}"
EndProject
Global
	GlobalSection(SolutionConfigurationPlatforms) = preSolution
		Debug|Any CPU = Debug|Any CPU
		Release|Any CPU = Release|Any CPU
	EndGlobalSection
	GlobalSection(ProjectConfigurationPlatforms) = postSolution
		{29629511-B5B9-4B42-A319-FC3CF5A7793E}.Debug|Any CPU.ActiveCfg = Debug|Any CPU
		{29629511-B5B9-4B42-A319-FC3CF5A7793E}.Debug|Any CPU.Build.0 = Debug|Any CPU
		{29629511-B5B9-4B42-A319-FC3CF5A7793E}.Release|Any CPU.ActiveCfg = Release|Any CPU
		{29629511-B5B9-4B42-A319-FC3CF5A7793E}.Release|Any CPU.Build.0 = Release|Any CPU
	EndGlobalSection
	GlobalSection(SolutionProperties) = preSolution
		HideSolutionNode = FALSE
	EndGlobalSection
	GlobalSection(ExtensibilityGlobals) = postSolution
		SolutionGuid = {2836E861-BD39-4CEA-BA1B-251D387C2046}
	EndGlobalSection
EndGlobal
