
Microsoft Visual Studio Solution File, Format Version 12.00
# Visual Studio Version 16
VisualStudioVersion = 16.0.31005.135
MinimumVisualStudioVersion = 10.0.40219.1
Project("{FAE04EC0-301F-11D3-BF4B-00C04F79EFBC}") = "Script06", "Script06\Script06.csproj", "{6DF07877-0471-4423-B631-50D49D1B48DC}"
EndProject
Global
	GlobalSection(SolutionConfigurationPlatforms) = preSolution
		Debug|Any CPU = Debug|Any CPU
		Release|Any CPU = Release|Any CPU
	EndGlobalSection
	GlobalSection(ProjectConfigurationPlatforms) = postSolution
		{6DF07877-0471-4423-B631-50D49D1B48DC}.Debug|Any CPU.ActiveCfg = Debug|Any CPU
		{6DF07877-0471-4423-B631-50D49D1B48DC}.Debug|Any CPU.Build.0 = Debug|Any CPU
		{6DF07877-0471-4423-B631-50D49D1B48DC}.Release|Any CPU.ActiveCfg = Release|Any CPU
		{6DF07877-0471-4423-B631-50D49D1B48DC}.Release|Any CPU.Build.0 = Release|Any CPU
	EndGlobalSection
	GlobalSection(SolutionProperties) = preSolution
		HideSolutionNode = FALSE
	EndGlobalSection
	GlobalSection(ExtensibilityGlobals) = postSolution
		SolutionGuid = {5F27699B-78FE-4E9B-A311-62E9682682CF}
	EndGlobalSection
EndGlobal
